{
  "version": "3",
  "packages": {
    "specifiers": {
      "jsr:@hono/hono@^4.4.0": "jsr:@hono/hono@4.4.0",
      "npm:@notionhq/client": "npm:@notionhq/client@2.2.15",
      "npm:highlight.js": "npm:highlight.js@11.9.0",
      "npm:markdown-it": "npm:markdown-it@14.1.0",
      "npm:notion-to-md": "npm:notion-to-md@3.1.1"
    },
    "jsr": {
      "@hono/hono@4.4.0": {
        "integrity": "3a720bde9692549ecef9117b2069b318e9e976a8af7588d9d8f3051b81d95b8d"
      }
    },
    "npm": {
      "@notionhq/client@2.2.15": {
        "integrity": "sha512-XhdSY/4B1D34tSco/GION+23GMjaS9S2zszcqYkMHo8RcWInymF6L1x+Gk7EmHdrSxNFva2WM8orhC4BwQCwgw==",
        "dependencies": {
          "@types/node-fetch": "@types/node-fetch@2.6.11",
          "node-fetch": "node-fetch@2.7.0"
        }
      },
      "@types/node-fetch@2.6.11": {
        "integrity": "sha512-24xFj9R5+rfQJLRyM56qh+wnVSYhyXC2tkoBndtY0U+vubqNsYXGjufB2nn8Q6gt0LrARwL6UBtMCSVCwl4B1g==",
        "dependencies": {
          "@types/node": "@types/node@18.16.19",
          "form-data": "form-data@4.0.0"
        }
      },
      "@types/node@18.16.19": {
        "integrity": "sha512-IXl7o+R9iti9eBW4Wg2hx1xQDig183jj7YLn8F7udNceyfkbn1ZxmzZXuak20gR40D7pIkIY1kYGx5VIGbaHKA==",
        "dependencies": {}
      },
      "argparse@2.0.1": {
        "integrity": "sha512-8+9WqebbFzpX9OR+Wa6O29asIogeRMzcGtAINdpMHHyAg10f05aSFVBbcEqGf/PXw1EjAZ+q2/bEBg3DvurK3Q==",
        "dependencies": {}
      },
      "asynckit@0.4.0": {
        "integrity": "sha512-Oei9OH4tRh0YqU3GxhX79dM/mwVgvbZJaSNaRk+bshkj0S5cfHcgYakreBjrHwatXKbz+IoIdYLxrKim2MjW0Q==",
        "dependencies": {}
      },
      "combined-stream@1.0.8": {
        "integrity": "sha512-FQN4MRfuJeHf7cBbBMJFXhKSDq+2kAArBlmRBvcvFE5BB1HZKXtSFASDhdlz9zOYwxh8lDdnvmMOe/+5cdoEdg==",
        "dependencies": {
          "delayed-stream": "delayed-stream@1.0.0"
        }
      },
      "delayed-stream@1.0.0": {
        "integrity": "sha512-ZySD7Nf91aLB0RxL4KGrKHBXl7Eds1DAmEdcoVawXnLD7SDhpNgtuII2aAkg7a7QS41jxPSZ17p4VdGnMHk3MQ==",
        "dependencies": {}
      },
      "entities@4.5.0": {
        "integrity": "sha512-V0hjH4dGPh9Ao5p0MoRY6BVqtwCjhz6vI5LT8AJ55H+4g9/4vbHx1I54fS0XuclLhDHArPQCiMjDxjaL8fPxhw==",
        "dependencies": {}
      },
      "form-data@4.0.0": {
        "integrity": "sha512-ETEklSGi5t0QMZuiXoA/Q6vcnxcLQP5vdugSpuAyi6SVGi2clPPp+xgEhuMaHC+zGgn31Kd235W35f7Hykkaww==",
        "dependencies": {
          "asynckit": "asynckit@0.4.0",
          "combined-stream": "combined-stream@1.0.8",
          "mime-types": "mime-types@2.1.35"
        }
      },
      "highlight.js@11.9.0": {
        "integrity": "sha512-fJ7cW7fQGCYAkgv4CPfwFHrfd/cLS4Hau96JuJ+ZTOWhjnhoeN1ub1tFmALm/+lW5z4WCAuAV9bm05AP0mS6Gw==",
        "dependencies": {}
      },
      "linkify-it@5.0.0": {
        "integrity": "sha512-5aHCbzQRADcdP+ATqnDuhhJ/MRIqDkZX5pyjFHRRysS8vZ5AbqGEoFIb6pYHPZ+L/OC2Lc+xT8uHVVR5CAK/wQ==",
        "dependencies": {
          "uc.micro": "uc.micro@2.1.0"
        }
      },
      "markdown-it@14.1.0": {
        "integrity": "sha512-a54IwgWPaeBCAAsv13YgmALOF1elABB08FxO9i+r4VFk5Vl4pKokRPeX8u5TCgSsPi6ec1otfLjdOpVcgbpshg==",
        "dependencies": {
          "argparse": "argparse@2.0.1",
          "entities": "entities@4.5.0",
          "linkify-it": "linkify-it@5.0.0",
          "mdurl": "mdurl@2.0.0",
          "punycode.js": "punycode.js@2.3.1",
          "uc.micro": "uc.micro@2.1.0"
        }
      },
      "markdown-table@2.0.0": {
        "integrity": "sha512-Ezda85ToJUBhM6WGaG6veasyym+Tbs3cMAw/ZhOPqXiYsr0jgocBV3j3nx+4lk47plLlIqjwuTm/ywVI+zjJ/A==",
        "dependencies": {
          "repeat-string": "repeat-string@1.6.1"
        }
      },
      "mdurl@2.0.0": {
        "integrity": "sha512-Lf+9+2r+Tdp5wXDXC4PcIBjTDtq4UKjCPMQhKIuzpJNW0b96kVqSwW0bT7FhRSfmAiFYgP+SCRvdrDozfh0U5w==",
        "dependencies": {}
      },
      "mime-db@1.52.0": {
        "integrity": "sha512-sPU4uV7dYlvtWJxwwxHD0PuihVNiE7TyAbQ5SWxDCB9mUYvOgroQOwYQQOKPJ8CIbE+1ETVlOoK1UC2nU3gYvg==",
        "dependencies": {}
      },
      "mime-types@2.1.35": {
        "integrity": "sha512-ZDY+bPm5zTTF+YpCrAU9nK0UgICYPT0QtT1NZWFv4s++TNkcgVaT0g6+4R2uI4MjQjzysHB1zxuWL50hzaeXiw==",
        "dependencies": {
          "mime-db": "mime-db@1.52.0"
        }
      },
      "node-fetch@2.7.0": {
        "integrity": "sha512-c4FRfUm/dbcWZ7U+1Wq0AwCyFL+3nt2bEw05wfxSz+DWpWsitgmSgYmy2dQdWyKC1694ELPqMs/YzUSNozLt8A==",
        "dependencies": {
          "whatwg-url": "whatwg-url@5.0.0"
        }
      },
      "notion-to-md@3.1.1": {
        "integrity": "sha512-Zaa2P1B9Rx99bevFYTGuUMYbbfdHn2G1AZMsytYGDWIJjr6Ie1qp/8CorpwVUh1qrquES/V2PkEREqCuTu1zKA==",
        "dependencies": {
          "markdown-table": "markdown-table@2.0.0",
          "node-fetch": "node-fetch@2.7.0"
        }
      },
      "punycode.js@2.3.1": {
        "integrity": "sha512-uxFIHU0YlHYhDQtV4R9J6a52SLx28BCjT+4ieh7IGbgwVJWO+km431c4yRlREUAsAmt/uMjQUyQHNEPf0M39CA==",
        "dependencies": {}
      },
      "repeat-string@1.6.1": {
        "integrity": "sha512-PV0dzCYDNfRi1jCDbJzpW7jNNDRuCOG/jI5ctQcGKt/clZD+YcPS3yIlWuTJMmESC8aevCFmWJy5wjAFgNqN6w==",
        "dependencies": {}
      },
      "tr46@0.0.3": {
        "integrity": "sha512-N3WMsuqV66lT30CrXNbEjx4GEwlow3v6rr4mCcv6prnfwhS01rkgyFdjPNBYd9br7LpXV1+Emh01fHnq2Gdgrw==",
        "dependencies": {}
      },
      "uc.micro@2.1.0": {
        "integrity": "sha512-ARDJmphmdvUk6Glw7y9DQ2bFkKBHwQHLi2lsaH6PPmz/Ka9sFOBsBluozhDltWmnv9u/cF6Rt87znRTPV+yp/A==",
        "dependencies": {}
      },
      "webidl-conversions@3.0.1": {
        "integrity": "sha512-2JAn3z8AR6rjK8Sm8orRC0h/bcl/DqL7tRPdGZ4I1CjdF+EaMLmYxBHyXuKL849eucPFhvBoxMsflfOb8kxaeQ==",
        "dependencies": {}
      },
      "whatwg-url@5.0.0": {
        "integrity": "sha512-saE57nupxk6v3HY35+jzBwYa0rKSy0XR8JSxZPwgLr7ys0IBzhGviA1/TUGJLmSVqs8pb9AnvICXEuOHLprYTw==",
        "dependencies": {
          "tr46": "tr46@0.0.3",
          "webidl-conversions": "webidl-conversions@3.0.1"
        }
      }
    }
  },
  "remote": {
    "https://deno.land/std@0.210.0/dotenv/load.ts": "0636983549b98f29ab75c9a22a42d9723f0a389ece5498fe971e7bb2556a12e2",
    "https://deno.land/std@0.210.0/dotenv/mod.ts": "55d51d0c244da70e10ccbbdb68644064ce19c8af1683289d16ac802ceef64c8c",
    "https://deno.land/std@0.210.0/dotenv/parse.ts": "d76ff5a59bd7c374a40249dc28bd15c740da0428559c838b1ea5644f561bff20",
    "https://deno.land/std@0.210.0/dotenv/stringify.ts": "df8c503a9d46c567f1daa6554211dcfbe05179f9b3ca3d9adc9d92a14987442e"
  },
  "workspace": {
    "dependencies": [
      "jsr:@hono/hono@^4.4.0"
    ]
  }
}
