{
  "version": "3",
  "packages": {
    "specifiers": {
      "npm:@11ty/webc": "npm:@11ty/webc@0.11.4"
    },
    "npm": {
      "@11ty/eleventy-utils@1.0.2": {
        "integrity": "sha512-Zy2leMK1DQR6Q6ZPSagv7QpJaAz9uVbb+RmVetYFp3foMeQtOSZx7w2u5daRFmP+PeNq9vO9H4xtBToYFWZwHA==",
        "dependencies": {
          "normalize-path": "normalize-path@3.0.0"
        }
      },
      "@11ty/webc@0.11.4": {
        "integrity": "sha512-q1GMcjNnx9PxUr6jyTT5CdDFma3JWkT5D45wRNYUQ/B4cxTTxpC15b2rYdzNaGuSqB6tsArQ9Qh4BPqg6Xo9cA==",
        "dependencies": {
          "@11ty/eleventy-utils": "@11ty/eleventy-utils@1.0.2",
          "css-tree": "css-tree@2.3.1",
          "dependency-graph": "dependency-graph@0.11.0",
          "entities": "entities@4.5.0",
          "fast-glob": "fast-glob@3.3.2",
          "is-glob": "is-glob@4.0.3",
          "nanoid": "nanoid@4.0.2",
          "node-retrieve-globals": "node-retrieve-globals@2.0.8",
          "parse5": "parse5@7.1.2"
        }
      },
      "@nodelib/fs.scandir@2.1.5": {
        "integrity": "sha512-vq24Bq3ym5HEQm2NKCr3yXDwjc7vTsEThRDnkp2DK9p1uqLR+DHurm/NOTo0KG7HYHU7eppKZj3MyqYuMBf62g==",
        "dependencies": {
          "@nodelib/fs.stat": "@nodelib/fs.stat@2.0.5",
          "run-parallel": "run-parallel@1.2.0"
        }
      },
      "@nodelib/fs.stat@2.0.5": {
        "integrity": "sha512-RkhPPp2zrqDAQA/2jNhnztcPAlv64XdhIp7a7454A5ovI7Bukxgt7MX7udwAu3zg1DcpPU0rz3VV1SeaqvY4+A==",
        "dependencies": {}
      },
      "@nodelib/fs.walk@1.2.8": {
        "integrity": "sha512-oGB+UxlgWcgQkgwo8GcEGwemoTFt3FIO9ababBmaGwXIoBKZ+GTy0pP185beGg7Llih/NSHSV2XAs1lnznocSg==",
        "dependencies": {
          "@nodelib/fs.scandir": "@nodelib/fs.scandir@2.1.5",
          "fastq": "fastq@1.15.0"
        }
      },
      "acorn-walk@8.3.0": {
        "integrity": "sha512-FS7hV565M5l1R08MXqo8odwMTB02C2UqzB17RVgu9EyuYFBqJZ3/ZY97sQD5FewVu1UyDFc1yztUDrAwT0EypA==",
        "dependencies": {}
      },
      "acorn@8.11.2": {
        "integrity": "sha512-nc0Axzp/0FILLEVsm4fNwLCwMttvhEI263QtVPQcbpfZZ3ts0hLsZGOpE6czNlid7CJ9MlyH8reXkpsf3YUY4w==",
        "dependencies": {}
      },
      "braces@3.0.2": {
        "integrity": "sha512-b8um+L1RzM3WDSzvhm6gIz1yfTbBt6YTlcEKAvsmqCZZFw46z626lVj9j1yEPW33H5H+lBQpZMP1k8l+78Ha0A==",
        "dependencies": {
          "fill-range": "fill-range@7.0.1"
        }
      },
      "css-tree@2.3.1": {
        "integrity": "sha512-6Fv1DV/TYw//QF5IzQdqsNDjx/wc8TrMBZsqjL9eW01tWb7R7k/mq+/VXfJCl7SoD5emsJop9cOByJZfs8hYIw==",
        "dependencies": {
          "mdn-data": "mdn-data@2.0.30",
          "source-map-js": "source-map-js@1.0.2"
        }
      },
      "dependency-graph@0.11.0": {
        "integrity": "sha512-JeMq7fEshyepOWDfcfHK06N3MhyPhz++vtqWhMT5O9A3K42rdsEDpfdVqjaqaAhsw6a+ZqeDvQVtD0hFHQWrzg==",
        "dependencies": {}
      },
      "entities@4.5.0": {
        "integrity": "sha512-V0hjH4dGPh9Ao5p0MoRY6BVqtwCjhz6vI5LT8AJ55H+4g9/4vbHx1I54fS0XuclLhDHArPQCiMjDxjaL8fPxhw==",
        "dependencies": {}
      },
      "fast-glob@3.3.2": {
        "integrity": "sha512-oX2ruAFQwf/Orj8m737Y5adxDQO0LAB7/S5MnxCdTNDd4p6BsyIVsv9JQsATbTSq8KHRpLwIHbVlUNatxd+1Ow==",
        "dependencies": {
          "@nodelib/fs.stat": "@nodelib/fs.stat@2.0.5",
          "@nodelib/fs.walk": "@nodelib/fs.walk@1.2.8",
          "glob-parent": "glob-parent@5.1.2",
          "merge2": "merge2@1.4.1",
          "micromatch": "micromatch@4.0.5"
        }
      },
      "fastq@1.15.0": {
        "integrity": "sha512-wBrocU2LCXXa+lWBt8RoIRD89Fi8OdABODa/kEnyeyjS5aZO5/GNvI5sEINADqP/h8M29UHTHUb53sUu5Ihqdw==",
        "dependencies": {
          "reusify": "reusify@1.0.4"
        }
      },
      "fill-range@7.0.1": {
        "integrity": "sha512-qOo9F+dMUmC2Lcb4BbVvnKJxTPjCm+RRpe4gDuGrzkL7mEVl/djYSu2OdQ2Pa302N4oqkSg9ir6jaLWJ2USVpQ==",
        "dependencies": {
          "to-regex-range": "to-regex-range@5.0.1"
        }
      },
      "glob-parent@5.1.2": {
        "integrity": "sha512-AOIgSQCepiJYwP3ARnGx+5VnTu2HBYdzbGP45eLw1vr3zB3vZLeyed1sC9hnbcOc9/SrMyM5RPQrkGz4aS9Zow==",
        "dependencies": {
          "is-glob": "is-glob@4.0.3"
        }
      },
      "is-extglob@2.1.1": {
        "integrity": "sha512-SbKbANkN603Vi4jEZv49LeVJMn4yGwsbzZworEoyEiutsN3nJYdbO36zfhGJ6QEDpOZIFkDtnq5JRxmvl3jsoQ==",
        "dependencies": {}
      },
      "is-glob@4.0.3": {
        "integrity": "sha512-xelSayHH36ZgE7ZWhli7pW34hNbNl8Ojv5KVmkJD4hBdD3th8Tfk9vYasLM+mXWOZhFkgZfxhLSnrwRr4elSSg==",
        "dependencies": {
          "is-extglob": "is-extglob@2.1.1"
        }
      },
      "is-number@7.0.0": {
        "integrity": "sha512-41Cifkg6e8TylSpdtTpeLVMqvSBEVzTttHvERD741+pnZ8ANv0004MRL43QKPDlK9cGvNp6NZWZUBlbGXYxxng==",
        "dependencies": {}
      },
      "mdn-data@2.0.30": {
        "integrity": "sha512-GaqWWShW4kv/G9IEucWScBx9G1/vsFZZJUO+tD26M8J8z3Kw5RDQjaoZe03YAClgeS/SWPOcb4nkFBTEi5DUEA==",
        "dependencies": {}
      },
      "merge2@1.4.1": {
        "integrity": "sha512-8q7VEgMJW4J8tcfVPy8g09NcQwZdbwFEqhe/WZkoIzjn/3TGDwtOCYtXGxA3O8tPzpczCCDgv+P2P5y00ZJOOg==",
        "dependencies": {}
      },
      "micromatch@4.0.5": {
        "integrity": "sha512-DMy+ERcEW2q8Z2Po+WNXuw3c5YaUSFjAO5GsJqfEl7UjvtIuFKO6ZrKvcItdy98dwFI2N1tg3zNIdKaQT+aNdA==",
        "dependencies": {
          "braces": "braces@3.0.2",
          "picomatch": "picomatch@2.3.1"
        }
      },
      "nanoid@4.0.2": {
        "integrity": "sha512-7ZtY5KTCNheRGfEFxnedV5zFiORN1+Y1N6zvPTnHQd8ENUvfaDBeuJDZb2bN/oXwXxu3qkTXDzy57W5vAmDTBw==",
        "dependencies": {}
      },
      "node-retrieve-globals@2.0.8": {
        "integrity": "sha512-mVimS/m8H28kyMdvOIfyMCM8wFNiKXM83ag1yHYP297iVmlCSmCh7Ih4b+ig9/DZ2+LbXZCPLDSZO4yRa5ttyg==",
        "dependencies": {
          "acorn": "acorn@8.11.2",
          "acorn-walk": "acorn-walk@8.3.0"
        }
      },
      "normalize-path@3.0.0": {
        "integrity": "sha512-6eZs5Ls3WtCisHWp9S2GUy8dqkpGi4BVSz3GaqiE6ezub0512ESztXUwUB6C6IKbQkY2Pnb/mD4WYojCRwcwLA==",
        "dependencies": {}
      },
      "parse5@7.1.2": {
        "integrity": "sha512-Czj1WaSVpaoj0wbhMzLmWD69anp2WH7FXMB9n1Sy8/ZFF9jolSQVMu1Ij5WIyGmcBmhk7EOndpO4mIpihVqAXw==",
        "dependencies": {
          "entities": "entities@4.5.0"
        }
      },
      "picomatch@2.3.1": {
        "integrity": "sha512-JU3teHTNjmE2VCGFzuY8EXzCDVwEqB2a8fsIvwaStHhAWJEeVd1o1QD80CU6+ZdEXXSLbSsuLwJjkCBWqRQUVA==",
        "dependencies": {}
      },
      "queue-microtask@1.2.3": {
        "integrity": "sha512-NuaNSa6flKT5JaSYQzJok04JzTL1CA6aGhv5rfLW3PgqA+M2ChpZQnAC8h8i4ZFkBS8X5RqkDBHA7r4hej3K9A==",
        "dependencies": {}
      },
      "reusify@1.0.4": {
        "integrity": "sha512-U9nH88a3fc/ekCF1l0/UP1IosiuIjyTh7hBvXVMHYgVcfGvt897Xguj2UOLDeI5BG2m7/uwyaLVT6fbtCwTyzw==",
        "dependencies": {}
      },
      "run-parallel@1.2.0": {
        "integrity": "sha512-5l4VyZR86LZ/lDxZTR6jqL8AFE2S0IFLMP26AbjsLVADxHdhB/c0GUsH+y39UfCi3dzz8OlQuPmnaJOMoDHQBA==",
        "dependencies": {
          "queue-microtask": "queue-microtask@1.2.3"
        }
      },
      "source-map-js@1.0.2": {
        "integrity": "sha512-R0XvVJ9WusLiqTCEiGCmICCMplcCkIwwR11mOSD9CR5u+IXYdiseeEuXCVAjS54zqwkLcPNnmU4OeJ6tUrWhDw==",
        "dependencies": {}
      },
      "to-regex-range@5.0.1": {
        "integrity": "sha512-65P7iz6X5yEr1cwcgvQxbbIw7Uk3gOy5dIdtZ4rDveLqhrdJP+Li/Hx6tyK0NEb+2GCyneCMJiGqrADCSNk8sQ==",
        "dependencies": {
          "is-number": "is-number@7.0.0"
        }
      }
    }
  },
  "redirects": {
    "https://esm.sh/motion": "https://esm.sh/motion@10.16.4",
    "https://esm.sh/preact-render-to-string?deps=preact": "https://esm.sh/preact-render-to-string@6.2.2?deps=preact",
    "https://esm.sh/preact/jsx-runtime": "https://esm.sh/preact@10.18.2/jsx-runtime"
  },
  "remote": {
    "https://esm.sh/motion@10.16.4": "d1c11b76f89bd61978997ab11296d7d04f000fa4d51efbb37e486c737f8068e2",
    "https://esm.sh/preact-render-to-string@6.2.2?deps=preact": "ba70b5a838e0588c7de2e56a020ffb2e4d6cd49ff21b99245028571b7ea22e35",
    "https://esm.sh/preact@10.18.2/jsx-runtime": "a25a0cd6f12c16b78d6de446615de0c509bbd6a20f51773263330be544e0e92c",
    "https://esm.sh/stable/preact@10.18.2/denonext/jsx-runtime.js": "38c93672042f5ca35277217e718edaa42da90dfde35e97b975a8931f4a966640",
    "https://esm.sh/stable/preact@10.18.2/denonext/preact.mjs": "468a5fec47fc0f4da565e3f67a1e4d537332ed57a1f75c24c3129eac0a770d55",
    "https://esm.sh/v132/@motionone/animation@10.16.3/denonext/animation.mjs": "0ea464f8f25727bc28b0a7fe75e662076054be558a4cc704dd7d06e739ef4608",
    "https://esm.sh/v132/@motionone/dom@10.16.4/denonext/dom.mjs": "95d486279a969fa749df87ac7fd710abca0115515cae85cb7aa57625f5fba5aa",
    "https://esm.sh/v132/@motionone/easing@10.16.3/denonext/easing.mjs": "bd13564b5589d818d4d769180d71d5f792de6e50ecb3eba370f791cb73b6724c",
    "https://esm.sh/v132/@motionone/generators@10.16.4/denonext/generators.mjs": "0dd2ba3e7c112a15a164c087578b73321c8366611659fca36798f3efd9c1c31d",
    "https://esm.sh/v132/@motionone/types@10.16.3/denonext/types.mjs": "d6ca692ae7012b21b4f5e071c445c00f61a824d6ff096f61aca5994921ce63ba",
    "https://esm.sh/v132/@motionone/utils@10.16.3/denonext/utils.mjs": "c2aceb6547b4338cea275d510e60c0df077d63e2739125406e0d028dbf5d7252",
    "https://esm.sh/v132/hey-listen@1.0.8/denonext/hey-listen.mjs": "445229b75ac7b13b11bfeeb36040519dc9728a7445f74c99798c38f005beae8c",
    "https://esm.sh/v132/motion@10.16.4/denonext/motion.mjs": "38508166b24adc20bae2fc030687d0d85f797d00cc4344de0f2aef1782e74458",
    "https://esm.sh/v132/tslib@2.6.2/denonext/tslib.mjs": "29782bcd3139f77ec063dc5a9385c0fff4a8d0a23b6765c73d9edeb169a04bf1",
    "https://esm.sh/v133/preact-render-to-string@6.2.2/X-ZC9wcmVhY3RAMTAuMTguMg/denonext/preact-render-to-string.mjs": "fcf21445ae07dddc7b8fa850a99da62e23af0d1da271eda908d10a16938bda97"
  }
}
